// !$*UTF8*$!
{
	archiveVersion = 1;
	classes = {
	};
	objectVersion = 50;
	objects = {

/* Begin PBXBuildFile section */
		149128A37A9E36E365F0F0E5 /* Pods_DYZBTests.framework in Frameworks */ = {isa = PBXBuildFile; fileRef = C9DA2B229E15E13A5BC7FF9C /* Pods_DYZBTests.framework */; };
		4880FB8B4BCDCE64C2419BA6 /* Pods_DYZBUITests.framework in Frameworks */ = {isa = PBXBuildFile; fileRef = B009B47CC8092FD4682BCB26 /* Pods_DYZBUITests.framework */; };
		A594583BD3F7591C1D311F19 /* Pods_DYZB.framework in Frameworks */ = {isa = PBXBuildFile; fileRef = 1AE1937AB8198DBF48CD59D4 /* Pods_DYZB.framework */; };
		AA057CCC22E6988600E40F20 /* CollectionHeaderView.swift in Sources */ = {isa = PBXBuildFile; fileRef = AA057CCA22E6988600E40F20 /* CollectionHeaderView.swift */; };
		AA057CCD22E6988600E40F20 /* CollectionHeaderView.xib in Resources */ = {isa = PBXBuildFile; fileRef = AA057CCB22E6988600E40F20 /* CollectionHeaderView.xib */; };
		AA057CD022E6A87200E40F20 /* CollectionNormalCell.swift in Sources */ = {isa = PBXBuildFile; fileRef = AA057CCE22E6A87200E40F20 /* CollectionNormalCell.swift */; };
		AA057CD122E6A87200E40F20 /* CollectionNormalCell.xib in Resources */ = {isa = PBXBuildFile; fileRef = AA057CCF22E6A87200E40F20 /* CollectionNormalCell.xib */; };
		AA057CD422E6B55800E40F20 /* CollectionPrettyCell.swift in Sources */ = {isa = PBXBuildFile; fileRef = AA057CD222E6B55800E40F20 /* CollectionPrettyCell.swift */; };
		AA057CD522E6B55800E40F20 /* CollectionPrettyCell.xib in Resources */ = {isa = PBXBuildFile; fileRef = AA057CD322E6B55800E40F20 /* CollectionPrettyCell.xib */; };
		AA057D7B22E70E8200E40F20 /* NetworkTools.swift in Sources */ = {isa = PBXBuildFile; fileRef = AA057D7A22E70E8200E40F20 /* NetworkTools.swift */; };
		AA057D7F22E7E0BA00E40F20 /* RecommendViewModel.swift in Sources */ = {isa = PBXBuildFile; fileRef = AA057D7E22E7E0BA00E40F20 /* RecommendViewModel.swift */; };
		AA057D8122E7E41800E40F20 /* NSDate-Extension.swift in Sources */ = {isa = PBXBuildFile; fileRef = AA057D8022E7E41800E40F20 /* NSDate-Extension.swift */; };
		AA057D8422E7F8EE00E40F20 /* AnthorGroup.swift in Sources */ = {isa = PBXBuildFile; fileRef = AA057D8322E7F8EE00E40F20 /* AnthorGroup.swift */; };
		AA057D8622E7FC2F00E40F20 /* AnthorModel.swift in Sources */ = {isa = PBXBuildFile; fileRef = AA057D8522E7FC2F00E40F20 /* AnthorModel.swift */; };
		AA057D8822E8407000E40F20 /* CollectionBaseCell.swift in Sources */ = {isa = PBXBuildFile; fileRef = AA057D8722E8407000E40F20 /* CollectionBaseCell.swift */; };
		AA057D8A22E84B6300E40F20 /* RecommendCycleView.swift in Sources */ = {isa = PBXBuildFile; fileRef = AA057D8922E84B6300E40F20 /* RecommendCycleView.swift */; };
		AA057D8C22E84BB800E40F20 /* RecommendCycleView.xib in Resources */ = {isa = PBXBuildFile; fileRef = AA057D8B22E84BB800E40F20 /* RecommendCycleView.xib */; };
		AA0EB39F22E19AA4005EF3D0 /* PageContentView.swift in Sources */ = {isa = PBXBuildFile; fileRef = AA0EB39E22E19AA4005EF3D0 /* PageContentView.swift */; };
		AA0EB3A122E19E0D005EF3D0 /* UIColor-Extension.swift in Sources */ = {isa = PBXBuildFile; fileRef = AA0EB3A022E19E0D005EF3D0 /* UIColor-Extension.swift */; };
		AA0EB3C722E5B513005EF3D0 /* RecommendViewController.swift in Sources */ = {isa = PBXBuildFile; fileRef = AA0EB3C622E5B513005EF3D0 /* RecommendViewController.swift */; };
		AA33303922D8786B009FC832 /* PageTitleView.swift in Sources */ = {isa = PBXBuildFile; fileRef = AA33303822D8786B009FC832 /* PageTitleView.swift */; };
		AA33303B22D87D09009FC832 /* Common.swift in Sources */ = {isa = PBXBuildFile; fileRef = AA33303A22D87D09009FC832 /* Common.swift */; };
		AAA56EA622D8267E001D57AE /* Home.storyboard in Resources */ = {isa = PBXBuildFile; fileRef = AAA56EA422D8267E001D57AE /* Home.storyboard */; };
		AAA56EA922D826B6001D57AE /* Live.storyboard in Resources */ = {isa = PBXBuildFile; fileRef = AAA56EA722D826B6001D57AE /* Live.storyboard */; };
		AAA56EAC22D826F2001D57AE /* Follow.storyboard in Resources */ = {isa = PBXBuildFile; fileRef = AAA56EAA22D826F2001D57AE /* Follow.storyboard */; };
		AAA56EAF22D82739001D57AE /* Profile.storyboard in Resources */ = {isa = PBXBuildFile; fileRef = AAA56EAD22D82739001D57AE /* Profile.storyboard */; };
		AAA56EB322D830D7001D57AE /* MainViewController.swift in Sources */ = {isa = PBXBuildFile; fileRef = AAA56EB222D830D7001D57AE /* MainViewController.swift */; };
		AAA56EBB22D836D0001D57AE /* HomeViewController.swift in Sources */ = {isa = PBXBuildFile; fileRef = AAA56EBA22D836D0001D57AE /* HomeViewController.swift */; };
		AAA56EC022D855BB001D57AE /* UIBarButtonItem-Extension.swift in Sources */ = {isa = PBXBuildFile; fileRef = AAA56EBF22D855BB001D57AE /* UIBarButtonItem-Extension.swift */; };
		AAB66F6222D72705008B67DD /* AppDelegate.swift in Sources */ = {isa = PBXBuildFile; fileRef = AAB66F6122D72705008B67DD /* AppDelegate.swift */; };
		AAB66F6722D72705008B67DD /* Main.storyboard in Resources */ = {isa = PBXBuildFile; fileRef = AAB66F6522D72705008B67DD /* Main.storyboard */; };
		AAB66F6922D72706008B67DD /* Assets.xcassets in Resources */ = {isa = PBXBuildFile; fileRef = AAB66F6822D72706008B67DD /* Assets.xcassets */; };
		AAB66F6C22D72706008B67DD /* LaunchScreen.storyboard in Resources */ = {isa = PBXBuildFile; fileRef = AAB66F6A22D72706008B67DD /* LaunchScreen.storyboard */; };
		AAB66F7722D72706008B67DD /* DYZBTests.swift in Sources */ = {isa = PBXBuildFile; fileRef = AAB66F7622D72706008B67DD /* DYZBTests.swift */; };
		AAB66F8222D72706008B67DD /* DYZBUITests.swift in Sources */ = {isa = PBXBuildFile; fileRef = AAB66F8122D72706008B67DD /* DYZBUITests.swift */; };
/* End PBXBuildFile section */

/* Begin PBXContainerItemProxy section */
		AAB66F7322D72706008B67DD /* PBXContainerItemProxy */ = {
			isa = PBXContainerItemProxy;
			containerPortal = AAB66F5622D72705008B67DD /* Project object */;
			proxyType = 1;
			remoteGlobalIDString = AAB66F5D22D72705008B67DD;
			remoteInfo = DYZB;
		};
		AAB66F7E22D72706008B67DD /* PBXContainerItemProxy */ = {
			isa = PBXContainerItemProxy;
			containerPortal = AAB66F5622D72705008B67DD /* Project object */;
			proxyType = 1;
			remoteGlobalIDString = AAB66F5D22D72705008B67DD;
			remoteInfo = DYZB;
		};
/* End PBXContainerItemProxy section */

/* Begin PBXFileReference section */
		0CF5D114E3528BF7E17E4DEC /* Pods-DYZBUITests.release.xcconfig */ = {isa = PBXFileReference; includeInIndex = 1; lastKnownFileType = text.xcconfig; name = "Pods-DYZBUITests.release.xcconfig"; path = "Target Support Files/Pods-DYZBUITests/Pods-DYZBUITests.release.xcconfig"; sourceTree = "<group>"; };
		1AE1937AB8198DBF48CD59D4 /* Pods_DYZB.framework */ = {isa = PBXFileReference; explicitFileType = wrapper.framework; includeInIndex = 0; path = Pods_DYZB.framework; sourceTree = BUILT_PRODUCTS_DIR; };
		708CDFDB1F8D9AB3F276003B /* Pods-DYZBUITests.debug.xcconfig */ = {isa = PBXFileReference; includeInIndex = 1; lastKnownFileType = text.xcconfig; name = "Pods-DYZBUITests.debug.xcconfig"; path = "Target Support Files/Pods-DYZBUITests/Pods-DYZBUITests.debug.xcconfig"; sourceTree = "<group>"; };
		7448745642225F471EC72D54 /* Pods-DYZB.release.xcconfig */ = {isa = PBXFileReference; includeInIndex = 1; lastKnownFileType = text.xcconfig; name = "Pods-DYZB.release.xcconfig"; path = "Target Support Files/Pods-DYZB/Pods-DYZB.release.xcconfig"; sourceTree = "<group>"; };
		925D4A649141520594B53DFA /* Pods-DYZBTests.debug.xcconfig */ = {isa = PBXFileReference; includeInIndex = 1; lastKnownFileType = text.xcconfig; name = "Pods-DYZBTests.debug.xcconfig"; path = "Target Support Files/Pods-DYZBTests/Pods-DYZBTests.debug.xcconfig"; sourceTree = "<group>"; };
		9517A9FAEE53843B7F4894E1 /* Pods-DYZBTests.release.xcconfig */ = {isa = PBXFileReference; includeInIndex = 1; lastKnownFileType = text.xcconfig; name = "Pods-DYZBTests.release.xcconfig"; path = "Target Support Files/Pods-DYZBTests/Pods-DYZBTests.release.xcconfig"; sourceTree = "<group>"; };
		AA057CCA22E6988600E40F20 /* CollectionHeaderView.swift */ = {isa = PBXFileReference; lastKnownFileType = sourcecode.swift; path = CollectionHeaderView.swift; sourceTree = "<group>"; };
		AA057CCB22E6988600E40F20 /* CollectionHeaderView.xib */ = {isa = PBXFileReference; lastKnownFileType = file.xib; path = CollectionHeaderView.xib; sourceTree = "<group>"; };
		AA057CCE22E6A87200E40F20 /* CollectionNormalCell.swift */ = {isa = PBXFileReference; lastKnownFileType = sourcecode.swift; path = CollectionNormalCell.swift; sourceTree = "<group>"; };
		AA057CCF22E6A87200E40F20 /* CollectionNormalCell.xib */ = {isa = PBXFileReference; lastKnownFileType = file.xib; path = CollectionNormalCell.xib; sourceTree = "<group>"; };
		AA057CD222E6B55800E40F20 /* CollectionPrettyCell.swift */ = {isa = PBXFileReference; lastKnownFileType = sourcecode.swift; path = CollectionPrettyCell.swift; sourceTree = "<group>"; };
		AA057CD322E6B55800E40F20 /* CollectionPrettyCell.xib */ = {isa = PBXFileReference; lastKnownFileType = file.xib; path = CollectionPrettyCell.xib; sourceTree = "<group>"; };
		AA057D7A22E70E8200E40F20 /* NetworkTools.swift */ = {isa = PBXFileReference; fileEncoding = 4; lastKnownFileType = sourcecode.swift; path = NetworkTools.swift; sourceTree = "<group>"; };
		AA057D7E22E7E0BA00E40F20 /* RecommendViewModel.swift */ = {isa = PBXFileReference; lastKnownFileType = sourcecode.swift; path = RecommendViewModel.swift; sourceTree = "<group>"; };
		AA057D8022E7E41800E40F20 /* NSDate-Extension.swift */ = {isa = PBXFileReference; lastKnownFileType = sourcecode.swift; path = "NSDate-Extension.swift"; sourceTree = "<group>"; };
		AA057D8322E7F8EE00E40F20 /* AnthorGroup.swift */ = {isa = PBXFileReference; lastKnownFileType = sourcecode.swift; path = AnthorGroup.swift; sourceTree = "<group>"; };
		AA057D8522E7FC2F00E40F20 /* AnthorModel.swift */ = {isa = PBXFileReference; lastKnownFileType = sourcecode.swift; path = AnthorModel.swift; sourceTree = "<group>"; };
		AA057D8722E8407000E40F20 /* CollectionBaseCell.swift */ = {isa = PBXFileReference; lastKnownFileType = sourcecode.swift; path = CollectionBaseCell.swift; sourceTree = "<group>"; };
		AA057D8922E84B6300E40F20 /* RecommendCycleView.swift */ = {isa = PBXFileReference; lastKnownFileType = sourcecode.swift; path = RecommendCycleView.swift; sourceTree = "<group>"; };
		AA057D8B22E84BB800E40F20 /* RecommendCycleView.xib */ = {isa = PBXFileReference; lastKnownFileType = file.xib; path = RecommendCycleView.xib; sourceTree = "<group>"; };
		AA0EB39E22E19AA4005EF3D0 /* PageContentView.swift */ = {isa = PBXFileReference; lastKnownFileType = sourcecode.swift; path = PageContentView.swift; sourceTree = "<group>"; };
		AA0EB3A022E19E0D005EF3D0 /* UIColor-Extension.swift */ = {isa = PBXFileReference; lastKnownFileType = sourcecode.swift; path = "UIColor-Extension.swift"; sourceTree = "<group>"; };
		AA0EB3C622E5B513005EF3D0 /* RecommendViewController.swift */ = {isa = PBXFileReference; lastKnownFileType = sourcecode.swift; path = RecommendViewController.swift; sourceTree = "<group>"; };
		AA33303822D8786B009FC832 /* PageTitleView.swift */ = {isa = PBXFileReference; lastKnownFileType = sourcecode.swift; path = PageTitleView.swift; sourceTree = "<group>"; };
		AA33303A22D87D09009FC832 /* Common.swift */ = {isa = PBXFileReference; lastKnownFileType = sourcecode.swift; path = Common.swift; sourceTree = "<group>"; };
		AAA56EA522D8267E001D57AE /* Base */ = {isa = PBXFileReference; lastKnownFileType = file.storyboard; name = Base; path = DYZB/Classes/Main/Base.lproj/Home.storyboard; sourceTree = "<group>"; };
		AAA56EA822D826B6001D57AE /* Base */ = {isa = PBXFileReference; lastKnownFileType = file.storyboard; name = Base; path = DYZB/Classes/Main/Base.lproj/Live.storyboard; sourceTree = "<group>"; };
		AAA56EAB22D826F2001D57AE /* Base */ = {isa = PBXFileReference; lastKnownFileType = file.storyboard; name = Base; path = DYZB/Classes/Main/Base.lproj/Follow.storyboard; sourceTree = "<group>"; };
		AAA56EAE22D82739001D57AE /* Base */ = {isa = PBXFileReference; lastKnownFileType = file.storyboard; name = Base; path = DYZB/Classes/Main/Base.lproj/Profile.storyboard; sourceTree = "<group>"; };
		AAA56EB222D830D7001D57AE /* MainViewController.swift */ = {isa = PBXFileReference; lastKnownFileType = sourcecode.swift; path = MainViewController.swift; sourceTree = "<group>"; };
		AAA56EBA22D836D0001D57AE /* HomeViewController.swift */ = {isa = PBXFileReference; lastKnownFileType = sourcecode.swift; path = HomeViewController.swift; sourceTree = "<group>"; };
		AAA56EBF22D855BB001D57AE /* UIBarButtonItem-Extension.swift */ = {isa = PBXFileReference; lastKnownFileType = sourcecode.swift; path = "UIBarButtonItem-Extension.swift"; sourceTree = "<group>"; };
		AAB66F5E22D72705008B67DD /* DYZB.app */ = {isa = PBXFileReference; explicitFileType = wrapper.application; includeInIndex = 0; path = DYZB.app; sourceTree = BUILT_PRODUCTS_DIR; };
		AAB66F6122D72705008B67DD /* AppDelegate.swift */ = {isa = PBXFileReference; lastKnownFileType = sourcecode.swift; path = AppDelegate.swift; sourceTree = "<group>"; };
		AAB66F6622D72705008B67DD /* Base */ = {isa = PBXFileReference; lastKnownFileType = file.storyboard; name = Base; path = Base.lproj/Main.storyboard; sourceTree = "<group>"; };
		AAB66F6822D72706008B67DD /* Assets.xcassets */ = {isa = PBXFileReference; lastKnownFileType = folder.assetcatalog; path = Assets.xcassets; sourceTree = "<group>"; };
		AAB66F6B22D72706008B67DD /* Base */ = {isa = PBXFileReference; lastKnownFileType = file.storyboard; name = Base; path = Base.lproj/LaunchScreen.storyboard; sourceTree = "<group>"; };
		AAB66F6D22D72706008B67DD /* Info.plist */ = {isa = PBXFileReference; lastKnownFileType = text.plist.xml; path = Info.plist; sourceTree = "<group>"; };
		AAB66F7222D72706008B67DD /* DYZBTests.xctest */ = {isa = PBXFileReference; explicitFileType = wrapper.cfbundle; includeInIndex = 0; path = DYZBTests.xctest; sourceTree = BUILT_PRODUCTS_DIR; };
		AAB66F7622D72706008B67DD /* DYZBTests.swift */ = {isa = PBXFileReference; lastKnownFileType = sourcecode.swift; path = DYZBTests.swift; sourceTree = "<group>"; };
		AAB66F7822D72706008B67DD /* Info.plist */ = {isa = PBXFileReference; lastKnownFileType = text.plist.xml; path = Info.plist; sourceTree = "<group>"; };
		AAB66F7D22D72706008B67DD /* DYZBUITests.xctest */ = {isa = PBXFileReference; explicitFileType = wrapper.cfbundle; includeInIndex = 0; path = DYZBUITests.xctest; sourceTree = BUILT_PRODUCTS_DIR; };
		AAB66F8122D72706008B67DD /* DYZBUITests.swift */ = {isa = PBXFileReference; lastKnownFileType = sourcecode.swift; path = DYZBUITests.swift; sourceTree = "<group>"; };
		AAB66F8322D72706008B67DD /* Info.plist */ = {isa = PBXFileReference; lastKnownFileType = text.plist.xml; path = Info.plist; sourceTree = "<group>"; };
		B009B47CC8092FD4682BCB26 /* Pods_DYZBUITests.framework */ = {isa = PBXFileReference; explicitFileType = wrapper.framework; includeInIndex = 0; path = Pods_DYZBUITests.framework; sourceTree = BUILT_PRODUCTS_DIR; };
		C0D37B3E0DEBF34449397E16 /* Pods-DYZB.debug.xcconfig */ = {isa = PBXFileReference; includeInIndex = 1; lastKnownFileType = text.xcconfig; name = "Pods-DYZB.debug.xcconfig"; path = "Target Support Files/Pods-DYZB/Pods-DYZB.debug.xcconfig"; sourceTree = "<group>"; };
		C9DA2B229E15E13A5BC7FF9C /* Pods_DYZBTests.framework */ = {isa = PBXFileReference; explicitFileType = wrapper.framework; includeInIndex = 0; path = Pods_DYZBTests.framework; sourceTree = BUILT_PRODUCTS_DIR; };
/* End PBXFileReference section */

/* Begin PBXFrameworksBuildPhase section */
		AAB66F5B22D72705008B67DD /* Frameworks */ = {
			isa = PBXFrameworksBuildPhase;
			buildActionMask = 2147483647;
			files = (
				A594583BD3F7591C1D311F19 /* Pods_DYZB.framework in Frameworks */,
			);
			runOnlyForDeploymentPostprocessing = 0;
		};
		AAB66F6F22D72706008B67DD /* Frameworks */ = {
			isa = PBXFrameworksBuildPhase;
			buildActionMask = 2147483647;
			files = (
				149128A37A9E36E365F0F0E5 /* Pods_DYZBTests.framework in Frameworks */,
			);
			runOnlyForDeploymentPostprocessing = 0;
		};
		AAB66F7A22D72706008B67DD /* Frameworks */ = {
			isa = PBXFrameworksBuildPhase;
			buildActionMask = 2147483647;
			files = (
				4880FB8B4BCDCE64C2419BA6 /* Pods_DYZBUITests.framework in Frameworks */,
			);
			runOnlyForDeploymentPostprocessing = 0;
		};
/* End PBXFrameworksBuildPhase section */

/* Begin PBXGroup section */
		400B3D37595694307B9161FD /* Pods */ = {
			isa = PBXGroup;
			children = (
				C0D37B3E0DEBF34449397E16 /* Pods-DYZB.debug.xcconfig */,
				7448745642225F471EC72D54 /* Pods-DYZB.release.xcconfig */,
				925D4A649141520594B53DFA /* Pods-DYZBTests.debug.xcconfig */,
				9517A9FAEE53843B7F4894E1 /* Pods-DYZBTests.release.xcconfig */,
				708CDFDB1F8D9AB3F276003B /* Pods-DYZBUITests.debug.xcconfig */,
				0CF5D114E3528BF7E17E4DEC /* Pods-DYZBUITests.release.xcconfig */,
			);
			path = Pods;
			sourceTree = "<group>";
		};
		482952DB11F87EBCE963B44E /* Frameworks */ = {
			isa = PBXGroup;
			children = (
				1AE1937AB8198DBF48CD59D4 /* Pods_DYZB.framework */,
				C9DA2B229E15E13A5BC7FF9C /* Pods_DYZBTests.framework */,
				B009B47CC8092FD4682BCB26 /* Pods_DYZBUITests.framework */,
			);
			name = Frameworks;
			sourceTree = "<group>";
		};
		AA057D7C22E7E08200E40F20 /* Model */ = {
			isa = PBXGroup;
			children = (
			);
			path = Model;
			sourceTree = "<group>";
		};
		AA057D7D22E7E08200E40F20 /* ViewModel */ = {
			isa = PBXGroup;
			children = (
				AA057D7E22E7E0BA00E40F20 /* RecommendViewModel.swift */,
			);
			path = ViewModel;
			sourceTree = "<group>";
		};
		AA057D8222E7F8C200E40F20 /* Model */ = {
			isa = PBXGroup;
			children = (
				AA057D8322E7F8EE00E40F20 /* AnthorGroup.swift */,
				AA057D8522E7FC2F00E40F20 /* AnthorModel.swift */,
			);
			path = Model;
			sourceTree = "<group>";
		};
		AAA56EB422D8354B001D57AE /* Controller */ = {
			isa = PBXGroup;
			children = (
				AAA56EA422D8267E001D57AE /* Home.storyboard */,
				AAA56EBA22D836D0001D57AE /* HomeViewController.swift */,
				AA0EB3C622E5B513005EF3D0 /* RecommendViewController.swift */,
			);
			path = Controller;
			sourceTree = "<group>";
		};
		AAA56EB622D8354B001D57AE /* View */ = {
			isa = PBXGroup;
			children = (
				AA057CCA22E6988600E40F20 /* CollectionHeaderView.swift */,
				AA057CCB22E6988600E40F20 /* CollectionHeaderView.xib */,
				AA057D8922E84B6300E40F20 /* RecommendCycleView.swift */,
				AA057D8B22E84BB800E40F20 /* RecommendCycleView.xib */,
			);
			path = View;
			sourceTree = "<group>";
		};
		AAA56EB722D835A5001D57AE /* View */ = {
			isa = PBXGroup;
			children = (
				AA33303822D8786B009FC832 /* PageTitleView.swift */,
				AA0EB39E22E19AA4005EF3D0 /* PageContentView.swift */,
				AA057CCE22E6A87200E40F20 /* CollectionNormalCell.swift */,
				AA057CCF22E6A87200E40F20 /* CollectionNormalCell.xib */,
				AA057CD222E6B55800E40F20 /* CollectionPrettyCell.swift */,
				AA057CD322E6B55800E40F20 /* CollectionPrettyCell.xib */,
				AA057D8722E8407000E40F20 /* CollectionBaseCell.swift */,
			);
			path = View;
			sourceTree = "<group>";
		};
		AAA56EB822D835A5001D57AE /* Controller */ = {
			isa = PBXGroup;
			children = (
				AAB66F6522D72705008B67DD /* Main.storyboard */,
				AAA56EB222D830D7001D57AE /* MainViewController.swift */,
			);
			path = Controller;
			sourceTree = "<group>";
		};
		AAA56EBC22D8557D001D57AE /* Extension */ = {
			isa = PBXGroup;
			children = (
				AAA56EBF22D855BB001D57AE /* UIBarButtonItem-Extension.swift */,
				AA0EB3A022E19E0D005EF3D0 /* UIColor-Extension.swift */,
				AA057D8022E7E41800E40F20 /* NSDate-Extension.swift */,
			);
			path = Extension;
			sourceTree = "<group>";
		};
		AAB66F5522D72705008B67DD = {
			isa = PBXGroup;
			children = (
				AAB66F6022D72705008B67DD /* DYZB */,
				AAB66F7522D72706008B67DD /* DYZBTests */,
				AAB66F8022D72706008B67DD /* DYZBUITests */,
				AAB66F5F22D72705008B67DD /* Products */,
				400B3D37595694307B9161FD /* Pods */,
				482952DB11F87EBCE963B44E /* Frameworks */,
			);
			sourceTree = "<group>";
		};
		AAB66F5F22D72705008B67DD /* Products */ = {
			isa = PBXGroup;
			children = (
				AAB66F5E22D72705008B67DD /* DYZB.app */,
				AAB66F7222D72706008B67DD /* DYZBTests.xctest */,
				AAB66F7D22D72706008B67DD /* DYZBUITests.xctest */,
			);
			name = Products;
			sourceTree = "<group>";
		};
		AAB66F6022D72705008B67DD /* DYZB */ = {
			isa = PBXGroup;
			children = (
				AAB66F8F22D7360B008B67DD /* Classes */,
				AAB66F6122D72705008B67DD /* AppDelegate.swift */,
				AAB66F6822D72706008B67DD /* Assets.xcassets */,
				AAB66F6A22D72706008B67DD /* LaunchScreen.storyboard */,
				AAB66F6D22D72706008B67DD /* Info.plist */,
			);
			path = DYZB;
			sourceTree = "<group>";
		};
		AAB66F7522D72706008B67DD /* DYZBTests */ = {
			isa = PBXGroup;
			children = (
				AAB66F7622D72706008B67DD /* DYZBTests.swift */,
				AAB66F7822D72706008B67DD /* Info.plist */,
			);
			path = DYZBTests;
			sourceTree = "<group>";
		};
		AAB66F8022D72706008B67DD /* DYZBUITests */ = {
			isa = PBXGroup;
			children = (
				AAB66F8122D72706008B67DD /* DYZBUITests.swift */,
				AAB66F8322D72706008B67DD /* Info.plist */,
			);
			path = DYZBUITests;
			sourceTree = "<group>";
		};
		AAB66F8F22D7360B008B67DD /* Classes */ = {
			isa = PBXGroup;
			children = (
				AAB66F9522D7360B008B67DD /* Main */,
				AAB66F9022D7360B008B67DD /* Home */,
				AAB66F9422D7360B008B67DD /* Live */,
				AAB66F9222D7360B008B67DD /* Follow */,
				AAB66F9322D7360B008B67DD /* Profile */,
				AAB66F9122D7360B008B67DD /* Tools */,
			);
			path = Classes;
			sourceTree = "<group>";
		};
		AAB66F9022D7360B008B67DD /* Home */ = {
			isa = PBXGroup;
			children = (
				AA057D7C22E7E08200E40F20 /* Model */,
				AA057D7D22E7E08200E40F20 /* ViewModel */,
				AAA56EB622D8354B001D57AE /* View */,
				AAA56EB422D8354B001D57AE /* Controller */,
			);
			path = Home;
			sourceTree = "<group>";
		};
		AAB66F9122D7360B008B67DD /* Tools */ = {
			isa = PBXGroup;
			children = (
				AAA56EBC22D8557D001D57AE /* Extension */,
				AA33303A22D87D09009FC832 /* Common.swift */,
				AA057D7A22E70E8200E40F20 /* NetworkTools.swift */,
			);
			path = Tools;
			sourceTree = "<group>";
		};
		AAB66F9222D7360B008B67DD /* Follow */ = {
			isa = PBXGroup;
			children = (
				AAA56EAA22D826F2001D57AE /* Follow.storyboard */,
			);
			path = Follow;
			sourceTree = "<group>";
		};
		AAB66F9322D7360B008B67DD /* Profile */ = {
			isa = PBXGroup;
			children = (
				AAA56EAD22D82739001D57AE /* Profile.storyboard */,
			);
			path = Profile;
			sourceTree = "<group>";
		};
		AAB66F9422D7360B008B67DD /* Live */ = {
			isa = PBXGroup;
			children = (
				AAA56EA722D826B6001D57AE /* Live.storyboard */,
			);
			path = Live;
			sourceTree = "<group>";
		};
		AAB66F9522D7360B008B67DD /* Main */ = {
			isa = PBXGroup;
			children = (
				AA057D8222E7F8C200E40F20 /* Model */,
				AAA56EB722D835A5001D57AE /* View */,
				AAA56EB822D835A5001D57AE /* Controller */,
			);
			path = Main;
			sourceTree = "<group>";
		};
/* End PBXGroup section */

/* Begin PBXNativeTarget section */
		AAB66F5D22D72705008B67DD /* DYZB */ = {
			isa = PBXNativeTarget;
			buildConfigurationList = AAB66F8622D72706008B67DD /* Build configuration list for PBXNativeTarget "DYZB" */;
			buildPhases = (
				3859537DEF8AA2881AFC32BC /* [CP] Check Pods Manifest.lock */,
				AAB66F5A22D72705008B67DD /* Sources */,
				AAB66F5B22D72705008B67DD /* Frameworks */,
				AAB66F5C22D72705008B67DD /* Resources */,
				67CC42EF6C3538A3B55D5867 /* [CP] Embed Pods Frameworks */,
			);
			buildRules = (
			);
			dependencies = (
			);
			name = DYZB;
			productName = DYZB;
			productReference = AAB66F5E22D72705008B67DD /* DYZB.app */;
			productType = "com.apple.product-type.application";
		};
		AAB66F7122D72706008B67DD /* DYZBTests */ = {
			isa = PBXNativeTarget;
			buildConfigurationList = AAB66F8922D72706008B67DD /* Build configuration list for PBXNativeTarget "DYZBTests" */;
			buildPhases = (
				BBEA42A09C9FDD198963AF7E /* [CP] Check Pods Manifest.lock */,
				AAB66F6E22D72706008B67DD /* Sources */,
				AAB66F6F22D72706008B67DD /* Frameworks */,
				AAB66F7022D72706008B67DD /* Resources */,
			);
			buildRules = (
			);
			dependencies = (
				AAB66F7422D72706008B67DD /* PBXTargetDependency */,
			);
			name = DYZBTests;
			productName = DYZBTests;
			productReference = AAB66F7222D72706008B67DD /* DYZBTests.xctest */;
			productType = "com.apple.product-type.bundle.unit-test";
		};
		AAB66F7C22D72706008B67DD /* DYZBUITests */ = {
			isa = PBXNativeTarget;
			buildConfigurationList = AAB66F8C22D72706008B67DD /* Build configuration list for PBXNativeTarget "DYZBUITests" */;
			buildPhases = (
				100A70A08D3F9F5FA010480B /* [CP] Check Pods Manifest.lock */,
				AAB66F7922D72706008B67DD /* Sources */,
				AAB66F7A22D72706008B67DD /* Frameworks */,
				AAB66F7B22D72706008B67DD /* Resources */,
			);
			buildRules = (
			);
			dependencies = (
				AAB66F7F22D72706008B67DD /* PBXTargetDependency */,
			);
			name = DYZBUITests;
			productName = DYZBUITests;
			productReference = AAB66F7D22D72706008B67DD /* DYZBUITests.xctest */;
			productType = "com.apple.product-type.bundle.ui-testing";
		};
/* End PBXNativeTarget section */

/* Begin PBXProject section */
		AAB66F5622D72705008B67DD /* Project object */ = {
			isa = PBXProject;
			attributes = {
				LastSwiftUpdateCheck = 1020;
				LastUpgradeCheck = 1020;
				ORGANIZATIONNAME = "刘金萌";
				TargetAttributes = {
					AAB66F5D22D72705008B67DD = {
						CreatedOnToolsVersion = 10.2.1;
					};
					AAB66F7122D72706008B67DD = {
						CreatedOnToolsVersion = 10.2.1;
						TestTargetID = AAB66F5D22D72705008B67DD;
					};
					AAB66F7C22D72706008B67DD = {
						CreatedOnToolsVersion = 10.2.1;
						TestTargetID = AAB66F5D22D72705008B67DD;
					};
				};
			};
			buildConfigurationList = AAB66F5922D72705008B67DD /* Build configuration list for PBXProject "DYZB" */;
			compatibilityVersion = "Xcode 9.3";
			developmentRegion = en;
			hasScannedForEncodings = 0;
			knownRegions = (
				en,
				Base,
			);
			mainGroup = AAB66F5522D72705008B67DD;
			productRefGroup = AAB66F5F22D72705008B67DD /* Products */;
			projectDirPath = "";
			projectRoot = "";
			targets = (
				AAB66F5D22D72705008B67DD /* DYZB */,
				AAB66F7122D72706008B67DD /* DYZBTests */,
				AAB66F7C22D72706008B67DD /* DYZBUITests */,
			);
		};
/* End PBXProject section */

/* Begin PBXResourcesBuildPhase section */
		AAB66F5C22D72705008B67DD /* Resources */ = {
			isa = PBXResourcesBuildPhase;
			buildActionMask = 2147483647;
			files = (
				AAB66F6C22D72706008B67DD /* LaunchScreen.storyboard in Resources */,
				AA057CCD22E6988600E40F20 /* CollectionHeaderView.xib in Resources */,
				AA057CD122E6A87200E40F20 /* CollectionNormalCell.xib in Resources */,
				AAB66F6922D72706008B67DD /* Assets.xcassets in Resources */,
				AAB66F6722D72705008B67DD /* Main.storyboard in Resources */,
				AAA56EA922D826B6001D57AE /* Live.storyboard in Resources */,
				AAA56EA622D8267E001D57AE /* Home.storyboard in Resources */,
				AA057D8C22E84BB800E40F20 /* RecommendCycleView.xib in Resources */,
				AA057CD522E6B55800E40F20 /* CollectionPrettyCell.xib in Resources */,
				AAA56EAF22D82739001D57AE /* Profile.storyboard in Resources */,
				AAA56EAC22D826F2001D57AE /* Follow.storyboard in Resources */,
			);
			runOnlyForDeploymentPostprocessing = 0;
		};
		AAB66F7022D72706008B67DD /* Resources */ = {
			isa = PBXResourcesBuildPhase;
			buildActionMask = 2147483647;
			files = (
			);
			runOnlyForDeploymentPostprocessing = 0;
		};
		AAB66F7B22D72706008B67DD /* Resources */ = {
			isa = PBXResourcesBuildPhase;
			buildActionMask = 2147483647;
			files = (
			);
			runOnlyForDeploymentPostprocessing = 0;
		};
/* End PBXResourcesBuildPhase section */

/* Begin PBXShellScriptBuildPhase section */
		100A70A08D3F9F5FA010480B /* [CP] Check Pods Manifest.lock */ = {
			isa = PBXShellScriptBuildPhase;
			buildActionMask = 2147483647;
			files = (
			);
			inputFileListPaths = (
			);
			inputPaths = (
				"${PODS_PODFILE_DIR_PATH}/Podfile.lock",
				"${PODS_ROOT}/Manifest.lock",
			);
			name = "[CP] Check Pods Manifest.lock";
			outputFileListPaths = (
			);
			outputPaths = (
				"$(DERIVED_FILE_DIR)/Pods-DYZBUITests-checkManifestLockResult.txt",
			);
			runOnlyForDeploymentPostprocessing = 0;
			shellPath = /bin/sh;
			shellScript = "diff \"${PODS_PODFILE_DIR_PATH}/Podfile.lock\" \"${PODS_ROOT}/Manifest.lock\" > /dev/null\nif [ $? != 0 ] ; then\n    # print error to STDERR\n    echo \"error: The sandbox is not in sync with the Podfile.lock. Run 'pod install' or update your CocoaPods installation.\" >&2\n    exit 1\nfi\n# This output is used by Xcode 'outputs' to avoid re-running this script phase.\necho \"SUCCESS\" > \"${SCRIPT_OUTPUT_FILE_0}\"\n";
			showEnvVarsInLog = 0;
		};
		3859537DEF8AA2881AFC32BC /* [CP] Check Pods Manifest.lock */ = {
			isa = PBXShellScriptBuildPhase;
			buildActionMask = 2147483647;
			files = (
			);
			inputFileListPaths = (
			);
			inputPaths = (
				"${PODS_PODFILE_DIR_PATH}/Podfile.lock",
				"${PODS_ROOT}/Manifest.lock",
			);
			name = "[CP] Check Pods Manifest.lock";
			outputFileListPaths = (
			);
			outputPaths = (
				"$(DERIVED_FILE_DIR)/Pods-DYZB-checkManifestLockResult.txt",
			);
			runOnlyForDeploymentPostprocessing = 0;
			shellPath = /bin/sh;
			shellScript = "diff \"${PODS_PODFILE_DIR_PATH}/Podfile.lock\" \"${PODS_ROOT}/Manifest.lock\" > /dev/null\nif [ $? != 0 ] ; then\n    # print error to STDERR\n    echo \"error: The sandbox is not in sync with the Podfile.lock. Run 'pod install' or update your CocoaPods installation.\" >&2\n    exit 1\nfi\n# This output is used by Xcode 'outputs' to avoid re-running this script phase.\necho \"SUCCESS\" > \"${SCRIPT_OUTPUT_FILE_0}\"\n";
			showEnvVarsInLog = 0;
		};
		67CC42EF6C3538A3B55D5867 /* [CP] Embed Pods Frameworks */ = {
			isa = PBXShellScriptBuildPhase;
			buildActionMask = 2147483647;
			files = (
			);
			inputFileListPaths = (
			);
			inputPaths = (
				"${PODS_ROOT}/Target Support Files/Pods-DYZB/Pods-DYZB-frameworks.sh",
				"${BUILT_PRODUCTS_DIR}/Alamofire/Alamofire.framework",
				"${BUILT_PRODUCTS_DIR}/Kingfisher/Kingfisher.framework",
			);
			name = "[CP] Embed Pods Frameworks";
			outputFileListPaths = (
			);
			outputPaths = (
				"${TARGET_BUILD_DIR}/${FRAMEWORKS_FOLDER_PATH}/Alamofire.framework",
				"${TARGET_BUILD_DIR}/${FRAMEWORKS_FOLDER_PATH}/Kingfisher.framework",
			);
			runOnlyForDeploymentPostprocessing = 0;
			shellPath = /bin/sh;
			shellScript = "\"${PODS_ROOT}/Target Support Files/Pods-DYZB/Pods-DYZB-frameworks.sh\"\n";
			showEnvVarsInLog = 0;
		};
		BBEA42A09C9FDD198963AF7E /* [CP] Check Pods Manifest.lock */ = {
			isa = PBXShellScriptBuildPhase;
			buildActionMask = 2147483647;
			files = (
			);
			inputFileListPaths = (
			);
			inputPaths = (
				"${PODS_PODFILE_DIR_PATH}/Podfile.lock",
				"${PODS_ROOT}/Manifest.lock",
			);
			name = "[CP] Check Pods Manifest.lock";
			outputFileListPaths = (
			);
			outputPaths = (
				"$(DERIVED_FILE_DIR)/Pods-DYZBTests-checkManifestLockResult.txt",
			);
			runOnlyForDeploymentPostprocessing = 0;
			shellPath = /bin/sh;
			shellScript = "diff \"${PODS_PODFILE_DIR_PATH}/Podfile.lock\" \"${PODS_ROOT}/Manifest.lock\" > /dev/null\nif [ $? != 0 ] ; then\n    # print error to STDERR\n    echo \"error: The sandbox is not in sync with the Podfile.lock. Run 'pod install' or update your CocoaPods installation.\" >&2\n    exit 1\nfi\n# This output is used by Xcode 'outputs' to avoid re-running this script phase.\necho \"SUCCESS\" > \"${SCRIPT_OUTPUT_FILE_0}\"\n";
			showEnvVarsInLog = 0;
		};
/* End PBXShellScriptBuildPhase section */

/* Begin PBXSourcesBuildPhase section */
		AAB66F5A22D72705008B67DD /* Sources */ = {
			isa = PBXSourcesBuildPhase;
			buildActionMask = 2147483647;
			files = (
				AA057D8A22E84B6300E40F20 /* RecommendCycleView.swift in Sources */,
				AAB66F6222D72705008B67DD /* AppDelegate.swift in Sources */,
				AA057CCC22E6988600E40F20 /* CollectionHeaderView.swift in Sources */,
				AA0EB3A122E19E0D005EF3D0 /* UIColor-Extension.swift in Sources */,
				AA0EB3C722E5B513005EF3D0 /* RecommendViewController.swift in Sources */,
				AA33303B22D87D09009FC832 /* Common.swift in Sources */,
				AA057D8422E7F8EE00E40F20 /* AnthorGroup.swift in Sources */,
				AAA56EB322D830D7001D57AE /* MainViewController.swift in Sources */,
				AA0EB39F22E19AA4005EF3D0 /* PageContentView.swift in Sources */,
				AA057D8622E7FC2F00E40F20 /* AnthorModel.swift in Sources */,
				AA33303922D8786B009FC832 /* PageTitleView.swift in Sources */,
				AAA56EC022D855BB001D57AE /* UIBarButtonItem-Extension.swift in Sources */,
				AA057CD422E6B55800E40F20 /* CollectionPrettyCell.swift in Sources */,
				AA057D8822E8407000E40F20 /* CollectionBaseCell.swift in Sources */,
				AA057D8122E7E41800E40F20 /* NSDate-Extension.swift in Sources */,
				AA057CD022E6A87200E40F20 /* CollectionNormalCell.swift in Sources */,
				AA057D7B22E70E8200E40F20 /* NetworkTools.swift in Sources */,
				AAA56EBB22D836D0001D57AE /* HomeViewController.swift in Sources */,
				AA057D7F22E7E0BA00E40F20 /* RecommendViewModel.swift in Sources */,
			);
			runOnlyForDeploymentPostprocessing = 0;
		};
		AAB66F6E22D72706008B67DD /* Sources */ = {
			isa = PBXSourcesBuildPhase;
			buildActionMask = 2147483647;
			files = (
				AAB66F7722D72706008B67DD /* DYZBTests.swift in Sources */,
			);
			runOnlyForDeploymentPostprocessing = 0;
		};
		AAB66F7922D72706008B67DD /* Sources */ = {
			isa = PBXSourcesBuildPhase;
			buildActionMask = 2147483647;
			files = (
				AAB66F8222D72706008B67DD /* DYZBUITests.swift in Sources */,
			);
			runOnlyForDeploymentPostprocessing = 0;
		};
/* End PBXSourcesBuildPhase section */

/* Begin PBXTargetDependency section */
		AAB66F7422D72706008B67DD /* PBXTargetDependency */ = {
			isa = PBXTargetDependency;
			target = AAB66F5D22D72705008B67DD /* DYZB */;
			targetProxy = AAB66F7322D72706008B67DD /* PBXContainerItemProxy */;
		};
		AAB66F7F22D72706008B67DD /* PBXTargetDependency */ = {
			isa = PBXTargetDependency;
			target = AAB66F5D22D72705008B67DD /* DYZB */;
			targetProxy = AAB66F7E22D72706008B67DD /* PBXContainerItemProxy */;
		};
/* End PBXTargetDependency section */

/* Begin PBXVariantGroup section */
		AAA56EA422D8267E001D57AE /* Home.storyboard */ = {
			isa = PBXVariantGroup;
			children = (
				AAA56EA522D8267E001D57AE /* Base */,
			);
			name = Home.storyboard;
			sourceTree = "<group>";
		};
		AAA56EA722D826B6001D57AE /* Live.storyboard */ = {
			isa = PBXVariantGroup;
			children = (
				AAA56EA822D826B6001D57AE /* Base */,
			);
			name = Live.storyboard;
			sourceTree = "<group>";
		};
		AAA56EAA22D826F2001D57AE /* Follow.storyboard */ = {
			isa = PBXVariantGroup;
			children = (
				AAA56EAB22D826F2001D57AE /* Base */,
			);
			name = Follow.storyboard;
			sourceTree = "<group>";
		};
		AAA56EAD22D82739001D57AE /* Profile.storyboard */ = {
			isa = PBXVariantGroup;
			children = (
				AAA56EAE22D82739001D57AE /* Base */,
			);
			name = Profile.storyboard;
			sourceTree = "<group>";
		};
		AAB66F6522D72705008B67DD /* Main.storyboard */ = {
			isa = PBXVariantGroup;
			children = (
				AAB66F6622D72705008B67DD /* Base */,
			);
			name = Main.storyboard;
			sourceTree = "<group>";
		};
		AAB66F6A22D72706008B67DD /* LaunchScreen.storyboard */ = {
			isa = PBXVariantGroup;
			children = (
				AAB66F6B22D72706008B67DD /* Base */,
			);
			name = LaunchScreen.storyboard;
			sourceTree = "<group>";
		};
/* End PBXVariantGroup section */

/* Begin XCBuildConfiguration section */
		AAB66F8422D72706008B67DD /* Debug */ = {
			isa = XCBuildConfiguration;
			buildSettings = {
				ALWAYS_SEARCH_USER_PATHS = NO;
				CLANG_ANALYZER_NONNULL = YES;
				CLANG_ANALYZER_NUMBER_OBJECT_CONVERSION = YES_AGGRESSIVE;
				CLANG_CXX_LANGUAGE_STANDARD = "gnu++14";
				CLANG_CXX_LIBRARY = "libc++";
				CLANG_ENABLE_MODULES = YES;
				CLANG_ENABLE_OBJC_ARC = YES;
				CLANG_ENABLE_OBJC_WEAK = YES;
				CLANG_WARN_BLOCK_CAPTURE_AUTORELEASING = YES;
				CLANG_WARN_BOOL_CONVERSION = YES;
				CLANG_WARN_COMMA = YES;
				CLANG_WARN_CONSTANT_CONVERSION = YES;
				CLANG_WARN_DEPRECATED_OBJC_IMPLEMENTATIONS = YES;
				CLANG_WARN_DIRECT_OBJC_ISA_USAGE = YES_ERROR;
				CLANG_WARN_DOCUMENTATION_COMMENTS = YES;
				CLANG_WARN_EMPTY_BODY = YES;
				CLANG_WARN_ENUM_CONVERSION = YES;
				CLANG_WARN_INFINITE_RECURSION = YES;
				CLANG_WARN_INT_CONVERSION = YES;
				CLANG_WARN_NON_LITERAL_NULL_CONVERSION = YES;
				CLANG_WARN_OBJC_IMPLICIT_RETAIN_SELF = YES;
				CLANG_WARN_OBJC_LITERAL_CONVERSION = YES;
				CLANG_WARN_OBJC_ROOT_CLASS = YES_ERROR;
				CLANG_WARN_RANGE_LOOP_ANALYSIS = YES;
				CLANG_WARN_STRICT_PROTOTYPES = YES;
				CLANG_WARN_SUSPICIOUS_MOVE = YES;
				CLANG_WARN_UNGUARDED_AVAILABILITY = YES_AGGRESSIVE;
				CLANG_WARN_UNREACHABLE_CODE = YES;
				CLANG_WARN__DUPLICATE_METHOD_MATCH = YES;
				CODE_SIGN_IDENTITY = "iPhone Developer";
				COPY_PHASE_STRIP = NO;
				DEBUG_INFORMATION_FORMAT = dwarf;
				ENABLE_STRICT_OBJC_MSGSEND = YES;
				ENABLE_TESTABILITY = YES;
				GCC_C_LANGUAGE_STANDARD = gnu11;
				GCC_DYNAMIC_NO_PIC = NO;
				GCC_NO_COMMON_BLOCKS = YES;
				GCC_OPTIMIZATION_LEVEL = 0;
				GCC_PREPROCESSOR_DEFINITIONS = (
					"DEBUG=1",
					"$(inherited)",
				);
				GCC_WARN_64_TO_32_BIT_CONVERSION = YES;
				GCC_WARN_ABOUT_RETURN_TYPE = YES_ERROR;
				GCC_WARN_UNDECLARED_SELECTOR = YES;
				GCC_WARN_UNINITIALIZED_AUTOS = YES_AGGRESSIVE;
				GCC_WARN_UNUSED_FUNCTION = YES;
				GCC_WARN_UNUSED_VARIABLE = YES;
				IPHONEOS_DEPLOYMENT_TARGET = 12.2;
				MTL_ENABLE_DEBUG_INFO = INCLUDE_SOURCE;
				MTL_FAST_MATH = YES;
				ONLY_ACTIVE_ARCH = YES;
				SDKROOT = iphoneos;
				SWIFT_ACTIVE_COMPILATION_CONDITIONS = DEBUG;
				SWIFT_OPTIMIZATION_LEVEL = "-Onone";
			};
			name = Debug;
		};
		AAB66F8522D72706008B67DD /* Release */ = {
			isa = XCBuildConfiguration;
			buildSettings = {
				ALWAYS_SEARCH_USER_PATHS = NO;
				CLANG_ANALYZER_NONNULL = YES;
				CLANG_ANALYZER_NUMBER_OBJECT_CONVERSION = YES_AGGRESSIVE;
				CLANG_CXX_LANGUAGE_STANDARD = "gnu++14";
				CLANG_CXX_LIBRARY = "libc++";
				CLANG_ENABLE_MODULES = YES;
				CLANG_ENABLE_OBJC_ARC = YES;
				CLANG_ENABLE_OBJC_WEAK = YES;
				CLANG_WARN_BLOCK_CAPTURE_AUTORELEASING = YES;
				CLANG_WARN_BOOL_CONVERSION = YES;
				CLANG_WARN_COMMA = YES;
				CLANG_WARN_CONSTANT_CONVERSION = YES;
				CLANG_WARN_DEPRECATED_OBJC_IMPLEMENTATIONS = YES;
				CLANG_WARN_DIRECT_OBJC_ISA_USAGE = YES_ERROR;
				CLANG_WARN_DOCUMENTATION_COMMENTS = YES;
				CLANG_WARN_EMPTY_BODY = YES;
				CLANG_WARN_ENUM_CONVERSION = YES;
				CLANG_WARN_INFINITE_RECURSION = YES;
				CLANG_WARN_INT_CONVERSION = YES;
				CLANG_WARN_NON_LITERAL_NULL_CONVERSION = YES;
				CLANG_WARN_OBJC_IMPLICIT_RETAIN_SELF = YES;
				CLANG_WARN_OBJC_LITERAL_CONVERSION = YES;
				CLANG_WARN_OBJC_ROOT_CLASS = YES_ERROR;
				CLANG_WARN_RANGE_LOOP_ANALYSIS = YES;
				CLANG_WARN_STRICT_PROTOTYPES = YES;
				CLANG_WARN_SUSPICIOUS_MOVE = YES;
				CLANG_WARN_UNGUARDED_AVAILABILITY = YES_AGGRESSIVE;
				CLANG_WARN_UNREACHABLE_CODE = YES;
				CLANG_WARN__DUPLICATE_METHOD_MATCH = YES;
				CODE_SIGN_IDENTITY = "iPhone Developer";
				COPY_PHASE_STRIP = NO;
				DEBUG_INFORMATION_FORMAT = "dwarf-with-dsym";
				ENABLE_NS_ASSERTIONS = NO;
				ENABLE_STRICT_OBJC_MSGSEND = YES;
				GCC_C_LANGUAGE_STANDARD = gnu11;
				GCC_NO_COMMON_BLOCKS = YES;
				GCC_WARN_64_TO_32_BIT_CONVERSION = YES;
				GCC_WARN_ABOUT_RETURN_TYPE = YES_ERROR;
				GCC_WARN_UNDECLARED_SELECTOR = YES;
				GCC_WARN_UNINITIALIZED_AUTOS = YES_AGGRESSIVE;
				GCC_WARN_UNUSED_FUNCTION = YES;
				GCC_WARN_UNUSED_VARIABLE = YES;
				IPHONEOS_DEPLOYMENT_TARGET = 12.2;
				MTL_ENABLE_DEBUG_INFO = NO;
				MTL_FAST_MATH = YES;
				SDKROOT = iphoneos;
				SWIFT_COMPILATION_MODE = wholemodule;
				SWIFT_OPTIMIZATION_LEVEL = "-O";
				VALIDATE_PRODUCT = YES;
			};
			name = Release;
		};
		AAB66F8722D72706008B67DD /* Debug */ = {
			isa = XCBuildConfiguration;
			baseConfigurationReference = C0D37B3E0DEBF34449397E16 /* Pods-DYZB.debug.xcconfig */;
			buildSettings = {
				ASSETCATALOG_COMPILER_APPICON_NAME = AppIcon;
				ASSETCATALOG_COMPILER_LAUNCHIMAGE_NAME = LaunchImage;
				CODE_SIGN_STYLE = Automatic;
				INFOPLIST_FILE = DYZB/Info.plist;
				IPHONEOS_DEPLOYMENT_TARGET = 8.0;
				LD_RUNPATH_SEARCH_PATHS = (
					"$(inherited)",
					"@executable_path/Frameworks",
				);
				PRODUCT_BUNDLE_IDENTIFIER = liujinmeng.DYZB;
				PRODUCT_NAME = "$(TARGET_NAME)";
				SWIFT_VERSION = 5.0;
				TARGETED_DEVICE_FAMILY = "1,2";
			};
			name = Debug;
		};
		AAB66F8822D72706008B67DD /* Release */ = {
			isa = XCBuildConfiguration;
			baseConfigurationReference = 7448745642225F471EC72D54 /* Pods-DYZB.release.xcconfig */;
			buildSettings = {
				ASSETCATALOG_COMPILER_APPICON_NAME = AppIcon;
				ASSETCATALOG_COMPILER_LAUNCHIMAGE_NAME = LaunchImage;
				CODE_SIGN_STYLE = Automatic;
				INFOPLIST_FILE = DYZB/Info.plist;
				IPHONEOS_DEPLOYMENT_TARGET = 8.0;
				LD_RUNPATH_SEARCH_PATHS = (
					"$(inherited)",
					"@executable_path/Frameworks",
				);
				PRODUCT_BUNDLE_IDENTIFIER = liujinmeng.DYZB;
				PRODUCT_NAME = "$(TARGET_NAME)";
				SWIFT_VERSION = 5.0;
				TARGETED_DEVICE_FAMILY = "1,2";
			};
			name = Release;
		};
		AAB66F8A22D72706008B67DD /* Debug */ = {
			isa = XCBuildConfiguration;
			baseConfigurationReference = 925D4A649141520594B53DFA /* Pods-DYZBTests.debug.xcconfig */;
			buildSettings = {
				ALWAYS_EMBED_SWIFT_STANDARD_LIBRARIES = YES;
				BUNDLE_LOADER = "$(TEST_HOST)";
				CODE_SIGN_STYLE = Automatic;
				INFOPLIST_FILE = DYZBTests/Info.plist;
				LD_RUNPATH_SEARCH_PATHS = (
					"$(inherited)",
					"@executable_path/Frameworks",
					"@loader_path/Frameworks",
				);
				PRODUCT_BUNDLE_IDENTIFIER = liujinmeng.DYZBTests;
				PRODUCT_NAME = "$(TARGET_NAME)";
				SWIFT_VERSION = 5.0;
				TARGETED_DEVICE_FAMILY = "1,2";
				TEST_HOST = "$(BUILT_PRODUCTS_DIR)/DYZB.app/DYZB";
			};
			name = Debug;
		};
		AAB66F8B22D72706008B67DD /* Release */ = {
			isa = XCBuildConfiguration;
			baseConfigurationReference = 9517A9FAEE53843B7F4894E1 /* Pods-DYZBTests.release.xcconfig */;
			buildSettings = {
				ALWAYS_EMBED_SWIFT_STANDARD_LIBRARIES = YES;
				BUNDLE_LOADER = "$(TEST_HOST)";
				CODE_SIGN_STYLE = Automatic;
				INFOPLIST_FILE = DYZBTests/Info.plist;
				LD_RUNPATH_SEARCH_PATHS = (
					"$(inherited)",
					"@executable_path/Frameworks",
					"@loader_path/Frameworks",
				);
				PRODUCT_BUNDLE_IDENTIFIER = liujinmeng.DYZBTests;
				PRODUCT_NAME = "$(TARGET_NAME)";
				SWIFT_VERSION = 5.0;
				TARGETED_DEVICE_FAMILY = "1,2";
				TEST_HOST = "$(BUILT_PRODUCTS_DIR)/DYZB.app/DYZB";
			};
			name = Release;
		};
		AAB66F8D22D72706008B67DD /* Debug */ = {
			isa = XCBuildConfiguration;
			baseConfigurationReference = 708CDFDB1F8D9AB3F276003B /* Pods-DYZBUITests.debug.xcconfig */;
			buildSettings = {
				ALWAYS_EMBED_SWIFT_STANDARD_LIBRARIES = YES;
				CODE_SIGN_STYLE = Automatic;
				INFOPLIST_FILE = DYZBUITests/Info.plist;
				LD_RUNPATH_SEARCH_PATHS = (
					"$(inherited)",
					"@executable_path/Frameworks",
					"@loader_path/Frameworks",
				);
				PRODUCT_BUNDLE_IDENTIFIER = liujinmeng.DYZBUITests;
				PRODUCT_NAME = "$(TARGET_NAME)";
				SWIFT_VERSION = 5.0;
				TARGETED_DEVICE_FAMILY = "1,2";
				TEST_TARGET_NAME = DYZB;
			};
			name = Debug;
		};
		AAB66F8E22D72706008B67DD /* Release */ = {
			isa = XCBuildConfiguration;
			baseConfigurationReference = 0CF5D114E3528BF7E17E4DEC /* Pods-DYZBUITests.release.xcconfig */;
			buildSettings = {
				ALWAYS_EMBED_SWIFT_STANDARD_LIBRARIES = YES;
				CODE_SIGN_STYLE = Automatic;
				INFOPLIST_FILE = DYZBUITests/Info.plist;
				LD_RUNPATH_SEARCH_PATHS = (
					"$(inherited)",
					"@executable_path/Frameworks",
					"@loader_path/Frameworks",
				);
				PRODUCT_BUNDLE_IDENTIFIER = liujinmeng.DYZBUITests;
				PRODUCT_NAME = "$(TARGET_NAME)";
				SWIFT_VERSION = 5.0;
				TARGETED_DEVICE_FAMILY = "1,2";
				TEST_TARGET_NAME = DYZB;
			};
			name = Release;
		};
/* End XCBuildConfiguration section */

/* Begin XCConfigurationList section */
		AAB66F5922D72705008B67DD /* Build configuration list for PBXProject "DYZB" */ = {
			isa = XCConfigurationList;
			buildConfigurations = (
				AAB66F8422D72706008B67DD /* Debug */,
				AAB66F8522D72706008B67DD /* Release */,
			);
			defaultConfigurationIsVisible = 0;
			defaultConfigurationName = Release;
		};
		AAB66F8622D72706008B67DD /* Build configuration list for PBXNativeTarget "DYZB" */ = {
			isa = XCConfigurationList;
			buildConfigurations = (
				AAB66F8722D72706008B67DD /* Debug */,
				AAB66F8822D72706008B67DD /* Release */,
			);
			defaultConfigurationIsVisible = 0;
			defaultConfigurationName = Release;
		};
		AAB66F8922D72706008B67DD /* Build configuration list for PBXNativeTarget "DYZBTests" */ = {
			isa = XCConfigurationList;
			buildConfigurations = (
				AAB66F8A22D72706008B67DD /* Debug */,
				AAB66F8B22D72706008B67DD /* Release */,
			);
			defaultConfigurationIsVisible = 0;
			defaultConfigurationName = Release;
		};
		AAB66F8C22D72706008B67DD /* Build configuration list for PBXNativeTarget "DYZBUITests" */ = {
			isa = XCConfigurationList;
			buildConfigurations = (
				AAB66F8D22D72706008B67DD /* Debug */,
				AAB66F8E22D72706008B67DD /* Release */,
			);
			defaultConfigurationIsVisible = 0;
			defaultConfigurationName = Release;
		};
/* End XCConfigurationList section */
	};
	rootObject = AAB66F5622D72705008B67DD /* Project object */;
}
